
Microsoft Visual Studio Solution File, Format Version 12.00
# Visual Studio Version 16
VisualStudioVersion = 16.0.29001.49
MinimumVisualStudioVersion = 10.0.40219.1
Project("{FAE04EC0-301F-11D3-BF4B-00C04F79EFBC}") = "Diameter", "Diameter.csproj", "{08D5564E-5EBD-4941-BE47-1757B524CF07}"
EndProject
Project("{FAE04EC0-301F-11D3-BF4B-00C04F79EFBC}") = "Test", "..\Test\Test.csproj", "{2540E4F6-02AE-46C8-B439-1DCDB8240B9E}"
EndProject
Global
	GlobalSection(SolutionConfigurationPlatforms) = preSolution
		Debug|Any CPU = Debug|Any CPU
		Release|Any CPU = Release|Any CPU
	EndGlobalSection
	GlobalSection(ProjectConfigurationPlatforms) = postSolution
		{08D5564E-5EBD-4941-BE47-1757B524CF07}.Debug|Any CPU.ActiveCfg = Debug|Any CPU
		{08D5564E-5EBD-4941-BE47-1757B524CF07}.Debug|Any CPU.Build.0 = Debug|Any CPU
		{08D5564E-5EBD-4941-BE47-1757B524CF07}.Release|Any CPU.ActiveCfg = Release|Any CPU
		{08D5564E-5EBD-4941-BE47-1757B524CF07}.Release|Any CPU.Build.0 = Release|Any CPU
		{2540E4F6-02AE-46C8-B439-1DCDB8240B9E}.Debug|Any CPU.ActiveCfg = Debug|Any CPU
		{2540E4F6-02AE-46C8-B439-1DCDB8240B9E}.Debug|Any CPU.Build.0 = Debug|Any CPU
		{2540E4F6-02AE-46C8-B439-1DCDB8240B9E}.Release|Any CPU.ActiveCfg = Release|Any CPU
		{2540E4F6-02AE-46C8-B439-1DCDB8240B9E}.Release|Any CPU.Build.0 = Release|Any CPU
	EndGlobalSection
	GlobalSection(SolutionProperties) = preSolution
		HideSolutionNode = FALSE
	EndGlobalSection
	GlobalSection(ExtensibilityGlobals) = postSolution
		SolutionGuid = {AE21FAFA-E985-4A17-B2FA-59F5AC7371E6}
	EndGlobalSection
EndGlobal
